
Microsoft Visual Studio Solution File, Format Version 12.00
# Visual Studio Version 17
VisualStudioVersion = 17.9.34622.214
MinimumVisualStudioVersion = 10.0.40219.1
Project("{8BC9CEB8-8B4A-11D0-8D11-00A0C91BC942}") = "lesson32hw", "lesson32hw\lesson32hw.vcxproj", "{A965BFDB-04C1-4A65-A397-AF9630E61DCE}"
EndProject
Global
	GlobalSection(SolutionConfigurationPlatforms) = preSolution
		Debug|x64 = Debug|x64
		Debug|x86 = Debug|x86
		Release|x64 = Release|x64
		Release|x86 = Release|x86
	EndGlobalSection
	GlobalSection(ProjectConfigurationPlatforms) = postSolution
		{A965BFDB-04C1-4A65-A397-AF9630E61DCE}.Debug|x64.ActiveCfg = Debug|x64
		{A965BFDB-04C1-4A65-A397-AF9630E61DCE}.Debug|x64.Build.0 = Debug|x64
		{A965BFDB-04C1-4A65-A397-AF9630E61DCE}.Debug|x86.ActiveCfg = Debug|Win32
		{A965BFDB-04C1-4A65-A397-AF9630E61DCE}.Debug|x86.Build.0 = Debug|Win32
		{A965BFDB-04C1-4A65-A397-AF9630E61DCE}.Release|x64.ActiveCfg = Release|x64
		{A965BFDB-04C1-4A65-A397-AF9630E61DCE}.Release|x64.Build.0 = Release|x64
		{A965BFDB-04C1-4A65-A397-AF9630E61DCE}.Release|x86.ActiveCfg = Release|Win32
		{A965BFDB-04C1-4A65-A397-AF9630E61DCE}.Release|x86.Build.0 = Release|Win32
	EndGlobalSection
	GlobalSection(SolutionProperties) = preSolution
		HideSolutionNode = FALSE
	EndGlobalSection
	GlobalSection(ExtensibilityGlobals) = postSolution
		SolutionGuid = {40E95D66-9725-45C7-B0EA-0B7C9AA00E0D}
	EndGlobalSection
EndGlobal
